<?xml version="1.0" encoding="utf-8"?>
<Project ToolsVersion="4.0" xmlns="http://schemas.microsoft.com/developer/msbuild/2003">
  <ItemGroup>
    <ClCompile Include="..\common\src\AxisCam.cpp">
      <Filter>cob_camera_sensors_ipa</Filter>
    </ClCompile>
    <ClCompile Include="..\common\src\AxisCamVFeld.cpp">
      <Filter>cob_camera_sensors_ipa</Filter>
    </ClCompile>
    <ClCompile Include="..\common\src\ICCam.cpp">
      <Filter>cob_camera_sensors_ipa</Filter>
    </ClCompile>
    <ClCompile Include="..\common\src\IPCamera.cpp">
      <Filter>cob_camera_sensors_ipa</Filter>
    </ClCompile>
    <ClCompile Include="..\common\src\IPCameraVFeld.cpp">
      <Filter>cob_camera_sensors_ipa</Filter>
    </ClCompile>
    <ClCompile Include="..\common\src\Kinect.cpp">
      <Filter>cob_camera_sensors_ipa</Filter>
    </ClCompile>
    <ClCompile Include="..\common\src\OpenCVCamera.cpp">
      <Filter>cob_camera_sensors_ipa</Filter>
    </ClCompile>
    <ClCompile Include="..\common\src\PMDCamCube.cpp">
      <Filter>cob_camera_sensors_ipa</Filter>
    </ClCompile>
    <ClCompile Include="..\..\..\cob_object_perception_intern\windows\src\extern\MemJpegDecoder\memJpegDecoder.cpp">
      <Filter>windows\MemJpegDecoder</Filter>
    </ClCompile>
    <ClCompile Include="..\..\..\cob_driver\cob_camera_sensors\common\src\AbstractColorCamera.cpp">
      <Filter>cob_camera_sensors</Filter>
    </ClCompile>
    <ClCompile Include="..\..\..\cob_driver\cob_camera_sensors\common\src\AbstractRangeImagingSensor.cpp">
      <Filter>cob_camera_sensors</Filter>
    </ClCompile>
    <ClCompile Include="..\..\..\cob_driver\cob_camera_sensors\common\src\AVTPikeCam.cpp">
      <Filter>cob_camera_sensors</Filter>
    </ClCompile>
    <ClCompile Include="..\..\..\cob_driver\cob_camera_sensors\common\src\Swissranger.cpp">
      <Filter>cob_camera_sensors</Filter>
    </ClCompile>
    <ClCompile Include="..\..\..\cob_driver\cob_camera_sensors\common\src\VirtualColorCam.cpp">
      <Filter>cob_camera_sensors</Filter>
    </ClCompile>
    <ClCompile Include="..\..\..\cob_driver\cob_camera_sensors\common\src\VirtualRangeCam.cpp">
      <Filter>cob_camera_sensors</Filter>
    </ClCompile>
    <ClCompile Include="..\..\..\cob_perception_common\cob_vision_utils\common\src\CameraSensorToolbox.cpp" />
  </ItemGroup>
  <ItemGroup>
    <ClInclude Include="..\common\include\cob_camera_sensors_ipa\AxisCam.h">
      <Filter>cob_camera_sensors_ipa</Filter>
    </ClInclude>
    <ClInclude Include="..\common\include\cob_camera_sensors_ipa\AxisCamVFeld.h">
      <Filter>cob_camera_sensors_ipa</Filter>
    </ClInclude>
    <ClInclude Include="..\common\include\cob_camera_sensors_ipa\ICCam.h">
      <Filter>cob_camera_sensors_ipa</Filter>
    </ClInclude>
    <ClInclude Include="..\common\include\cob_camera_sensors_ipa\IPCamera.h">
      <Filter>cob_camera_sensors_ipa</Filter>
    </ClInclude>
    <ClInclude Include="..\common\include\cob_camera_sensors_ipa\IPCameraVFeld.h">
      <Filter>cob_camera_sensors_ipa</Filter>
    </ClInclude>
    <ClInclude Include="..\common\include\cob_camera_sensors_ipa\Kinect.h">
      <Filter>cob_camera_sensors_ipa</Filter>
    </ClInclude>
    <ClInclude Include="..\common\include\cob_camera_sensors_ipa\OpenCVCamera.h">
      <Filter>cob_camera_sensors_ipa</Filter>
    </ClInclude>
    <ClInclude Include="..\common\include\cob_camera_sensors_ipa\PMDCamCube.h">
      <Filter>cob_camera_sensors_ipa</Filter>
    </ClInclude>
    <ClInclude Include="..\..\..\cob_object_perception_intern\windows\src\extern\MemJpegDecoder\memJpegDecoder.h">
      <Filter>windows\MemJpegDecoder</Filter>
    </ClInclude>
    <ClInclude Include="..\..\..\cob_driver\cob_camera_sensors\common\include\cob_camera_sensors\AbstractColorCamera.h">
      <Filter>cob_camera_sensors</Filter>
    </ClInclude>
    <ClInclude Include="..\..\..\cob_driver\cob_camera_sensors\common\include\cob_camera_sensors\AbstractRangeImagingSensor.h">
      <Filter>cob_camera_sensors</Filter>
    </ClInclude>
    <ClInclude Include="..\..\..\cob_driver\cob_camera_sensors\common\include\cob_camera_sensors\AVTPikeCam.h">
      <Filter>cob_camera_sensors</Filter>
    </ClInclude>
    <ClInclude Include="..\..\..\cob_driver\cob_camera_sensors\common\include\cob_camera_sensors\Swissranger.h">
      <Filter>cob_camera_sensors</Filter>
    </ClInclude>
    <ClInclude Include="..\..\..\cob_driver\cob_camera_sensors\common\include\cob_camera_sensors\VirtualColorCam.h">
      <Filter>cob_camera_sensors</Filter>
    </ClInclude>
    <ClInclude Include="..\..\..\cob_driver\cob_camera_sensors\common\include\cob_camera_sensors\VirtualRangeCam.h">
      <Filter>cob_camera_sensors</Filter>
    </ClInclude>
    <ClInclude Include="..\..\..\..\care-o-bot\cob_perception_common\cob_vision_utils\common\include\cob_vision_utils\CameraSensorToolbox.h" />
    <ClInclude Include="..\..\..\..\care-o-bot\cob_perception_common\cob_vision_utils\common\include\cob_vision_utils\CameraSensorDefines.h" />
    <ClInclude Include="..\..\..\..\care-o-bot\cob_perception_common\cob_vision_utils\common\include\cob_vision_utils\CameraSensorTypes.h" />
  </ItemGroup>
  <ItemGroup>
    <Filter Include="windows">
      <UniqueIdentifier>{fdd5f24a-8206-46e5-82a2-4bb9fff3d890}</UniqueIdentifier>
    </Filter>
    <Filter Include="cob_camera_sensors">
      <UniqueIdentifier>{bf87d327-e5bd-416f-972c-ed6b0ab23b2d}</UniqueIdentifier>
    </Filter>
    <Filter Include="cob_camera_sensors_ipa">
      <UniqueIdentifier>{2f33d83d-6768-4070-9d90-0299b153633d}</UniqueIdentifier>
    </Filter>
    <Filter Include="windows\MemJpegDecoder">
      <UniqueIdentifier>{d183abd0-1fc0-4cf9-afdf-f3378da32f79}</UniqueIdentifier>
    </Filter>
  </ItemGroup>
</Project>